
Microsoft Visual Studio Solution File, Format Version 12.00
# Visual Studio 15
VisualStudioVersion = 15.0.28307.1321
MinimumVisualStudioVersion = 10.0.40219.1
Project("{8BC9CEB8-8B4A-11D0-8D11-00A0C91BC942}") = "BAEKJOON_0 not cute 1 cute", "BAEKJOON_0 not cute 1 cute\BAEKJOON_0 not cute 1 cute.vcxproj", "{C2BC9B1B-34A7-4657-994E-7E652600A45D}"
EndProject
Global
	GlobalSection(SolutionConfigurationPlatforms) = preSolution
		Debug|x64 = Debug|x64
		Debug|x86 = Debug|x86
		Release|x64 = Release|x64
		Release|x86 = Release|x86
	EndGlobalSection
	GlobalSection(ProjectConfigurationPlatforms) = postSolution
		{C2BC9B1B-34A7-4657-994E-7E652600A45D}.Debug|x64.ActiveCfg = Debug|x64
		{C2BC9B1B-34A7-4657-994E-7E652600A45D}.Debug|x64.Build.0 = Debug|x64
		{C2BC9B1B-34A7-4657-994E-7E652600A45D}.Debug|x86.ActiveCfg = Debug|Win32
		{C2BC9B1B-34A7-4657-994E-7E652600A45D}.Debug|x86.Build.0 = Debug|Win32
		{C2BC9B1B-34A7-4657-994E-7E652600A45D}.Release|x64.ActiveCfg = Release|x64
		{C2BC9B1B-34A7-4657-994E-7E652600A45D}.Release|x64.Build.0 = Release|x64
		{C2BC9B1B-34A7-4657-994E-7E652600A45D}.Release|x86.ActiveCfg = Release|Win32
		{C2BC9B1B-34A7-4657-994E-7E652600A45D}.Release|x86.Build.0 = Release|Win32
	EndGlobalSection
	GlobalSection(SolutionProperties) = preSolution
		HideSolutionNode = FALSE
	EndGlobalSection
	GlobalSection(ExtensibilityGlobals) = postSolution
		SolutionGuid = {E2A3E37A-C144-4B20-9257-DEFE08FB7C27}
	EndGlobalSection
EndGlobal
