
Microsoft Visual Studio Solution File, Format Version 12.00
# Visual Studio 15
VisualStudioVersion = 15.0.28307.1401
MinimumVisualStudioVersion = 10.0.40219.1
Project("{8BC9CEB8-8B4A-11D0-8D11-00A0C91BC942}") = "BAEKJOON_물병", "BAEKJOON_물병\BAEKJOON_물병.vcxproj", "{405BC188-2959-4040-AFB2-E8D3558A7D3F}"
EndProject
Global
	GlobalSection(SolutionConfigurationPlatforms) = preSolution
		Debug|x64 = Debug|x64
		Debug|x86 = Debug|x86
		Release|x64 = Release|x64
		Release|x86 = Release|x86
	EndGlobalSection
	GlobalSection(ProjectConfigurationPlatforms) = postSolution
		{405BC188-2959-4040-AFB2-E8D3558A7D3F}.Debug|x64.ActiveCfg = Debug|x64
		{405BC188-2959-4040-AFB2-E8D3558A7D3F}.Debug|x64.Build.0 = Debug|x64
		{405BC188-2959-4040-AFB2-E8D3558A7D3F}.Debug|x86.ActiveCfg = Debug|Win32
		{405BC188-2959-4040-AFB2-E8D3558A7D3F}.Debug|x86.Build.0 = Debug|Win32
		{405BC188-2959-4040-AFB2-E8D3558A7D3F}.Release|x64.ActiveCfg = Release|x64
		{405BC188-2959-4040-AFB2-E8D3558A7D3F}.Release|x64.Build.0 = Release|x64
		{405BC188-2959-4040-AFB2-E8D3558A7D3F}.Release|x86.ActiveCfg = Release|Win32
		{405BC188-2959-4040-AFB2-E8D3558A7D3F}.Release|x86.Build.0 = Release|Win32
	EndGlobalSection
	GlobalSection(SolutionProperties) = preSolution
		HideSolutionNode = FALSE
	EndGlobalSection
	GlobalSection(ExtensibilityGlobals) = postSolution
		SolutionGuid = {0B94298F-9D6D-4BB4-8E94-E591C83D59F8}
	EndGlobalSection
EndGlobal
