
Microsoft Visual Studio Solution File, Format Version 12.00
# Visual Studio 15
VisualStudioVersion = 15.0.28307.1500
MinimumVisualStudioVersion = 10.0.40219.1
Project("{8BC9CEB8-8B4A-11D0-8D11-00A0C91BC942}") = "BAEKJOON_녹색 옷 입은 애가 젤다지", "BAEKJOON_녹색 옷 입은 애가 젤다지\BAEKJOON_녹색 옷 입은 애가 젤다지.vcxproj", "{815ADDEE-9610-488C-BC5D-282F1D5AC4B1}"
EndProject
Global
	GlobalSection(SolutionConfigurationPlatforms) = preSolution
		Debug|x64 = Debug|x64
		Debug|x86 = Debug|x86
		Release|x64 = Release|x64
		Release|x86 = Release|x86
	EndGlobalSection
	GlobalSection(ProjectConfigurationPlatforms) = postSolution
		{815ADDEE-9610-488C-BC5D-282F1D5AC4B1}.Debug|x64.ActiveCfg = Debug|x64
		{815ADDEE-9610-488C-BC5D-282F1D5AC4B1}.Debug|x64.Build.0 = Debug|x64
		{815ADDEE-9610-488C-BC5D-282F1D5AC4B1}.Debug|x86.ActiveCfg = Debug|Win32
		{815ADDEE-9610-488C-BC5D-282F1D5AC4B1}.Debug|x86.Build.0 = Debug|Win32
		{815ADDEE-9610-488C-BC5D-282F1D5AC4B1}.Release|x64.ActiveCfg = Release|x64
		{815ADDEE-9610-488C-BC5D-282F1D5AC4B1}.Release|x64.Build.0 = Release|x64
		{815ADDEE-9610-488C-BC5D-282F1D5AC4B1}.Release|x86.ActiveCfg = Release|Win32
		{815ADDEE-9610-488C-BC5D-282F1D5AC4B1}.Release|x86.Build.0 = Release|Win32
	EndGlobalSection
	GlobalSection(SolutionProperties) = preSolution
		HideSolutionNode = FALSE
	EndGlobalSection
	GlobalSection(ExtensibilityGlobals) = postSolution
		SolutionGuid = {B6BBF2D1-CB4D-4410-8C3B-07D8488F8771}
	EndGlobalSection
EndGlobal
