
Microsoft Visual Studio Solution File, Format Version 12.00
# Visual Studio 15
VisualStudioVersion = 15.0.28010.2026
MinimumVisualStudioVersion = 10.0.40219.1
Project("{8BC9CEB8-8B4A-11D0-8D11-00A0C91BC942}") = "BAEKJOON_오늘도 졌다", "BAEKJOON_오늘도 졌다\BAEKJOON_오늘도 졌다.vcxproj", "{872E0B2F-5F4D-4204-B53E-ECF3E6D33A54}"
EndProject
Global
	GlobalSection(SolutionConfigurationPlatforms) = preSolution
		Debug|x64 = Debug|x64
		Debug|x86 = Debug|x86
		Release|x64 = Release|x64
		Release|x86 = Release|x86
	EndGlobalSection
	GlobalSection(ProjectConfigurationPlatforms) = postSolution
		{872E0B2F-5F4D-4204-B53E-ECF3E6D33A54}.Debug|x64.ActiveCfg = Debug|x64
		{872E0B2F-5F4D-4204-B53E-ECF3E6D33A54}.Debug|x64.Build.0 = Debug|x64
		{872E0B2F-5F4D-4204-B53E-ECF3E6D33A54}.Debug|x86.ActiveCfg = Debug|Win32
		{872E0B2F-5F4D-4204-B53E-ECF3E6D33A54}.Debug|x86.Build.0 = Debug|Win32
		{872E0B2F-5F4D-4204-B53E-ECF3E6D33A54}.Release|x64.ActiveCfg = Release|x64
		{872E0B2F-5F4D-4204-B53E-ECF3E6D33A54}.Release|x64.Build.0 = Release|x64
		{872E0B2F-5F4D-4204-B53E-ECF3E6D33A54}.Release|x86.ActiveCfg = Release|Win32
		{872E0B2F-5F4D-4204-B53E-ECF3E6D33A54}.Release|x86.Build.0 = Release|Win32
	EndGlobalSection
	GlobalSection(SolutionProperties) = preSolution
		HideSolutionNode = FALSE
	EndGlobalSection
	GlobalSection(ExtensibilityGlobals) = postSolution
		SolutionGuid = {CBBBD91D-1DD1-49A6-81EE-B75B5707B91F}
	EndGlobalSection
EndGlobal
