
Microsoft Visual Studio Solution File, Format Version 12.00
# Visual Studio 15
VisualStudioVersion = 15.0.28307.1401
MinimumVisualStudioVersion = 10.0.40219.1
Project("{8BC9CEB8-8B4A-11D0-8D11-00A0C91BC942}") = "BAEKJOON_행운의 문자열", "BAEKJOON_행운의 문자열\BAEKJOON_행운의 문자열.vcxproj", "{E6D79AD5-AA81-483A-A70B-2812CE86C4D3}"
EndProject
Global
	GlobalSection(SolutionConfigurationPlatforms) = preSolution
		Debug|x64 = Debug|x64
		Debug|x86 = Debug|x86
		Release|x64 = Release|x64
		Release|x86 = Release|x86
	EndGlobalSection
	GlobalSection(ProjectConfigurationPlatforms) = postSolution
		{E6D79AD5-AA81-483A-A70B-2812CE86C4D3}.Debug|x64.ActiveCfg = Debug|x64
		{E6D79AD5-AA81-483A-A70B-2812CE86C4D3}.Debug|x64.Build.0 = Debug|x64
		{E6D79AD5-AA81-483A-A70B-2812CE86C4D3}.Debug|x86.ActiveCfg = Debug|Win32
		{E6D79AD5-AA81-483A-A70B-2812CE86C4D3}.Debug|x86.Build.0 = Debug|Win32
		{E6D79AD5-AA81-483A-A70B-2812CE86C4D3}.Release|x64.ActiveCfg = Release|x64
		{E6D79AD5-AA81-483A-A70B-2812CE86C4D3}.Release|x64.Build.0 = Release|x64
		{E6D79AD5-AA81-483A-A70B-2812CE86C4D3}.Release|x86.ActiveCfg = Release|Win32
		{E6D79AD5-AA81-483A-A70B-2812CE86C4D3}.Release|x86.Build.0 = Release|Win32
	EndGlobalSection
	GlobalSection(SolutionProperties) = preSolution
		HideSolutionNode = FALSE
	EndGlobalSection
	GlobalSection(ExtensibilityGlobals) = postSolution
		SolutionGuid = {5B158E63-AA29-452E-ACEB-D5190AFA5BF0}
	EndGlobalSection
EndGlobal
