
Microsoft Visual Studio Solution File, Format Version 12.00
# Visual Studio 15
VisualStudioVersion = 15.0.28307.1340
MinimumVisualStudioVersion = 10.0.40219.1
Project("{8BC9CEB8-8B4A-11D0-8D11-00A0C91BC942}") = "BAEKJOON_수 찾기", "BAEKJOON_수 찾기\BAEKJOON_수 찾기.vcxproj", "{A094E643-F5FC-4651-A788-FB662D9D0B16}"
EndProject
Global
	GlobalSection(SolutionConfigurationPlatforms) = preSolution
		Debug|x64 = Debug|x64
		Debug|x86 = Debug|x86
		Release|x64 = Release|x64
		Release|x86 = Release|x86
	EndGlobalSection
	GlobalSection(ProjectConfigurationPlatforms) = postSolution
		{A094E643-F5FC-4651-A788-FB662D9D0B16}.Debug|x64.ActiveCfg = Debug|x64
		{A094E643-F5FC-4651-A788-FB662D9D0B16}.Debug|x64.Build.0 = Debug|x64
		{A094E643-F5FC-4651-A788-FB662D9D0B16}.Debug|x86.ActiveCfg = Debug|Win32
		{A094E643-F5FC-4651-A788-FB662D9D0B16}.Debug|x86.Build.0 = Debug|Win32
		{A094E643-F5FC-4651-A788-FB662D9D0B16}.Release|x64.ActiveCfg = Release|x64
		{A094E643-F5FC-4651-A788-FB662D9D0B16}.Release|x64.Build.0 = Release|x64
		{A094E643-F5FC-4651-A788-FB662D9D0B16}.Release|x86.ActiveCfg = Release|Win32
		{A094E643-F5FC-4651-A788-FB662D9D0B16}.Release|x86.Build.0 = Release|Win32
	EndGlobalSection
	GlobalSection(SolutionProperties) = preSolution
		HideSolutionNode = FALSE
	EndGlobalSection
	GlobalSection(ExtensibilityGlobals) = postSolution
		SolutionGuid = {A69F107A-88EE-428C-BBBD-C1CC80EF9F13}
	EndGlobalSection
EndGlobal
