
Microsoft Visual Studio Solution File, Format Version 12.00
# Visual Studio 15
VisualStudioVersion = 15.0.28307.1401
MinimumVisualStudioVersion = 10.0.40219.1
Project("{8BC9CEB8-8B4A-11D0-8D11-00A0C91BC942}") = "BAEKJOON_최소비용 구하기 2", "BAEKJOON_최소비용 구하기 2\BAEKJOON_최소비용 구하기 2.vcxproj", "{032C1CA2-9EF6-45A1-9163-12F1CC0ABF79}"
EndProject
Global
	GlobalSection(SolutionConfigurationPlatforms) = preSolution
		Debug|x64 = Debug|x64
		Debug|x86 = Debug|x86
		Release|x64 = Release|x64
		Release|x86 = Release|x86
	EndGlobalSection
	GlobalSection(ProjectConfigurationPlatforms) = postSolution
		{032C1CA2-9EF6-45A1-9163-12F1CC0ABF79}.Debug|x64.ActiveCfg = Debug|x64
		{032C1CA2-9EF6-45A1-9163-12F1CC0ABF79}.Debug|x64.Build.0 = Debug|x64
		{032C1CA2-9EF6-45A1-9163-12F1CC0ABF79}.Debug|x86.ActiveCfg = Debug|Win32
		{032C1CA2-9EF6-45A1-9163-12F1CC0ABF79}.Debug|x86.Build.0 = Debug|Win32
		{032C1CA2-9EF6-45A1-9163-12F1CC0ABF79}.Release|x64.ActiveCfg = Release|x64
		{032C1CA2-9EF6-45A1-9163-12F1CC0ABF79}.Release|x64.Build.0 = Release|x64
		{032C1CA2-9EF6-45A1-9163-12F1CC0ABF79}.Release|x86.ActiveCfg = Release|Win32
		{032C1CA2-9EF6-45A1-9163-12F1CC0ABF79}.Release|x86.Build.0 = Release|Win32
	EndGlobalSection
	GlobalSection(SolutionProperties) = preSolution
		HideSolutionNode = FALSE
	EndGlobalSection
	GlobalSection(ExtensibilityGlobals) = postSolution
		SolutionGuid = {DF134E49-3656-40AF-93CF-76BA93561D23}
	EndGlobalSection
EndGlobal
