
Microsoft Visual Studio Solution File, Format Version 12.00
# Visual Studio 15
VisualStudioVersion = 15.0.28307.1401
MinimumVisualStudioVersion = 10.0.40219.1
Project("{8BC9CEB8-8B4A-11D0-8D11-00A0C91BC942}") = "BAEKJOON_듣보잡", "BAEKJOON_듣보잡\BAEKJOON_듣보잡.vcxproj", "{CFBF82C5-CDAD-4E82-A011-7C146D184B8C}"
EndProject
Global
	GlobalSection(SolutionConfigurationPlatforms) = preSolution
		Debug|x64 = Debug|x64
		Debug|x86 = Debug|x86
		Release|x64 = Release|x64
		Release|x86 = Release|x86
	EndGlobalSection
	GlobalSection(ProjectConfigurationPlatforms) = postSolution
		{CFBF82C5-CDAD-4E82-A011-7C146D184B8C}.Debug|x64.ActiveCfg = Debug|x64
		{CFBF82C5-CDAD-4E82-A011-7C146D184B8C}.Debug|x64.Build.0 = Debug|x64
		{CFBF82C5-CDAD-4E82-A011-7C146D184B8C}.Debug|x86.ActiveCfg = Debug|Win32
		{CFBF82C5-CDAD-4E82-A011-7C146D184B8C}.Debug|x86.Build.0 = Debug|Win32
		{CFBF82C5-CDAD-4E82-A011-7C146D184B8C}.Release|x64.ActiveCfg = Release|x64
		{CFBF82C5-CDAD-4E82-A011-7C146D184B8C}.Release|x64.Build.0 = Release|x64
		{CFBF82C5-CDAD-4E82-A011-7C146D184B8C}.Release|x86.ActiveCfg = Release|Win32
		{CFBF82C5-CDAD-4E82-A011-7C146D184B8C}.Release|x86.Build.0 = Release|Win32
	EndGlobalSection
	GlobalSection(SolutionProperties) = preSolution
		HideSolutionNode = FALSE
	EndGlobalSection
	GlobalSection(ExtensibilityGlobals) = postSolution
		SolutionGuid = {753530A1-4390-45FF-9A58-4BF462F2382C}
	EndGlobalSection
EndGlobal
