
Microsoft Visual Studio Solution File, Format Version 12.00
# Visual Studio 15
VisualStudioVersion = 15.0.28307.1500
MinimumVisualStudioVersion = 10.0.40219.1
Project("{8BC9CEB8-8B4A-11D0-8D11-00A0C91BC942}") = "BAEKJOON_LCA", "BAEKJOON_LCA\BAEKJOON_LCA.vcxproj", "{A1FFA47D-9BF1-4D88-8BA0-3B2D5D87D2E7}"
EndProject
Global
	GlobalSection(SolutionConfigurationPlatforms) = preSolution
		Debug|x64 = Debug|x64
		Debug|x86 = Debug|x86
		Release|x64 = Release|x64
		Release|x86 = Release|x86
	EndGlobalSection
	GlobalSection(ProjectConfigurationPlatforms) = postSolution
		{A1FFA47D-9BF1-4D88-8BA0-3B2D5D87D2E7}.Debug|x64.ActiveCfg = Debug|x64
		{A1FFA47D-9BF1-4D88-8BA0-3B2D5D87D2E7}.Debug|x64.Build.0 = Debug|x64
		{A1FFA47D-9BF1-4D88-8BA0-3B2D5D87D2E7}.Debug|x86.ActiveCfg = Debug|Win32
		{A1FFA47D-9BF1-4D88-8BA0-3B2D5D87D2E7}.Debug|x86.Build.0 = Debug|Win32
		{A1FFA47D-9BF1-4D88-8BA0-3B2D5D87D2E7}.Release|x64.ActiveCfg = Release|x64
		{A1FFA47D-9BF1-4D88-8BA0-3B2D5D87D2E7}.Release|x64.Build.0 = Release|x64
		{A1FFA47D-9BF1-4D88-8BA0-3B2D5D87D2E7}.Release|x86.ActiveCfg = Release|Win32
		{A1FFA47D-9BF1-4D88-8BA0-3B2D5D87D2E7}.Release|x86.Build.0 = Release|Win32
	EndGlobalSection
	GlobalSection(SolutionProperties) = preSolution
		HideSolutionNode = FALSE
	EndGlobalSection
	GlobalSection(ExtensibilityGlobals) = postSolution
		SolutionGuid = {12ED23A6-BCA5-4344-A619-EC6D83094AF7}
	EndGlobalSection
EndGlobal
